
Microsoft Visual Studio Solution File, Format Version 12.00
# Visual Studio Version 17
VisualStudioVersion = 17.13.35818.85 d17.13
MinimumVisualStudioVersion = 10.0.40219.1
Project("{FAE04EC0-301F-11D3-BF4B-00C04F79EFBC}") = "Araba Form", "Araba Form\Araba Form.csproj", "{C873A080-F4CD-479C-B926-DC22019F5DEE}"
EndProject
Global
	GlobalSection(SolutionConfigurationPlatforms) = preSolution
		Debug|Any CPU = Debug|Any CPU
		Release|Any CPU = Release|Any CPU
	EndGlobalSection
	GlobalSection(ProjectConfigurationPlatforms) = postSolution
		{C873A080-F4CD-479C-B926-DC22019F5DEE}.Debug|Any CPU.ActiveCfg = Debug|Any CPU
		{C873A080-F4CD-479C-B926-DC22019F5DEE}.Debug|Any CPU.Build.0 = Debug|Any CPU
		{C873A080-F4CD-479C-B926-DC22019F5DEE}.Release|Any CPU.ActiveCfg = Release|Any CPU
		{C873A080-F4CD-479C-B926-DC22019F5DEE}.Release|Any CPU.Build.0 = Release|Any CPU
	EndGlobalSection
	GlobalSection(SolutionProperties) = preSolution
		HideSolutionNode = FALSE
	EndGlobalSection
	GlobalSection(ExtensibilityGlobals) = postSolution
		SolutionGuid = {E4D29EA1-3C2C-47A8-8690-B4E537F6583C}
	EndGlobalSection
EndGlobal
