
Microsoft Visual Studio Solution File, Format Version 12.00
# Visual Studio Version 17
VisualStudioVersion = 17.13.35818.85 d17.13
MinimumVisualStudioVersion = 10.0.40219.1
Project("{FAE04EC0-301F-11D3-BF4B-00C04F79EFBC}") = "JsonOdev", "JsonOdev\JsonOdev.csproj", "{611CE909-B30A-47C0-A07D-FF3FBE323216}"
EndProject
Global
	GlobalSection(SolutionConfigurationPlatforms) = preSolution
		Debug|Any CPU = Debug|Any CPU
		Release|Any CPU = Release|Any CPU
	EndGlobalSection
	GlobalSection(ProjectConfigurationPlatforms) = postSolution
		{611CE909-B30A-47C0-A07D-FF3FBE323216}.Debug|Any CPU.ActiveCfg = Debug|Any CPU
		{611CE909-B30A-47C0-A07D-FF3FBE323216}.Debug|Any CPU.Build.0 = Debug|Any CPU
		{611CE909-B30A-47C0-A07D-FF3FBE323216}.Release|Any CPU.ActiveCfg = Release|Any CPU
		{611CE909-B30A-47C0-A07D-FF3FBE323216}.Release|Any CPU.Build.0 = Release|Any CPU
	EndGlobalSection
	GlobalSection(SolutionProperties) = preSolution
		HideSolutionNode = FALSE
	EndGlobalSection
	GlobalSection(ExtensibilityGlobals) = postSolution
		SolutionGuid = {18DD3B9E-1D82-4CBD-9050-AC47FAA10AC5}
	EndGlobalSection
EndGlobal
