
Microsoft Visual Studio Solution File, Format Version 12.00
# Visual Studio Version 17
VisualStudioVersion = 17.13.35818.85 d17.13
MinimumVisualStudioVersion = 10.0.40219.1
Project("{FAE04EC0-301F-11D3-BF4B-00C04F79EFBC}") = "Ödev", "Ödev\Ödev.csproj", "{987753F7-F631-4FCE-99B7-789FCE098A75}"
EndProject
Global
	GlobalSection(SolutionConfigurationPlatforms) = preSolution
		Debug|Any CPU = Debug|Any CPU
		Release|Any CPU = Release|Any CPU
	EndGlobalSection
	GlobalSection(ProjectConfigurationPlatforms) = postSolution
		{987753F7-F631-4FCE-99B7-789FCE098A75}.Debug|Any CPU.ActiveCfg = Debug|Any CPU
		{987753F7-F631-4FCE-99B7-789FCE098A75}.Debug|Any CPU.Build.0 = Debug|Any CPU
		{987753F7-F631-4FCE-99B7-789FCE098A75}.Release|Any CPU.ActiveCfg = Release|Any CPU
		{987753F7-F631-4FCE-99B7-789FCE098A75}.Release|Any CPU.Build.0 = Release|Any CPU
	EndGlobalSection
	GlobalSection(SolutionProperties) = preSolution
		HideSolutionNode = FALSE
	EndGlobalSection
	GlobalSection(ExtensibilityGlobals) = postSolution
		SolutionGuid = {BEA1019D-1EC8-47A0-A918-0788A1A3FDD4}
	EndGlobalSection
EndGlobal
